
Microsoft Visual Studio Solution File, Format Version 12.00
# Visual Studio 15
VisualStudioVersion = 15.0.28010.2048
MinimumVisualStudioVersion = 10.0.40219.1
Project("{2150E333-8FDC-42A3-9474-1A3956D46DE8}") = "Solution Items", "Solution Items", "{B5CABD59-540F-4FA8-B8A3-17B419172AE8}"
EndProject
Project("{FAE04EC0-301F-11D3-BF4B-00C04F79EFBC}") = "Legacy _solution_refactored", "Legacy _solution_refactored\Legacy _solution_refactored.csproj", "{B005E20C-688F-429C-882B-4CA2524E6E6E}"
EndProject
Project("{FAE04EC0-301F-11D3-BF4B-00C04F79EFBC}") = "Legacy.Solution.Refactored.Test", "Legacy.Solution.Refactored.Test\Legacy.Solution.Refactored.Test.csproj", "{30E85275-9B41-4F74-A9AC-8748246182C9}"
EndProject
Project("{FAE04EC0-301F-11D3-BF4B-00C04F79EFBC}") = "Legacy.Solution.Substitute.Test", "Legacy.Solution.Substitute.Test\Legacy.Solution.Substitute.Test.csproj", "{CD153540-5293-432F-A915-23E582526A5A}"
EndProject
Global
	GlobalSection(SolutionConfigurationPlatforms) = preSolution
		Debug|Any CPU = Debug|Any CPU
		Release|Any CPU = Release|Any CPU
	EndGlobalSection
	GlobalSection(ProjectConfigurationPlatforms) = postSolution
		{B005E20C-688F-429C-882B-4CA2524E6E6E}.Debug|Any CPU.ActiveCfg = Debug|Any CPU
		{B005E20C-688F-429C-882B-4CA2524E6E6E}.Debug|Any CPU.Build.0 = Debug|Any CPU
		{B005E20C-688F-429C-882B-4CA2524E6E6E}.Release|Any CPU.ActiveCfg = Release|Any CPU
		{B005E20C-688F-429C-882B-4CA2524E6E6E}.Release|Any CPU.Build.0 = Release|Any CPU
		{30E85275-9B41-4F74-A9AC-8748246182C9}.Debug|Any CPU.ActiveCfg = Debug|Any CPU
		{30E85275-9B41-4F74-A9AC-8748246182C9}.Debug|Any CPU.Build.0 = Debug|Any CPU
		{30E85275-9B41-4F74-A9AC-8748246182C9}.Release|Any CPU.ActiveCfg = Release|Any CPU
		{30E85275-9B41-4F74-A9AC-8748246182C9}.Release|Any CPU.Build.0 = Release|Any CPU
		{CD153540-5293-432F-A915-23E582526A5A}.Debug|Any CPU.ActiveCfg = Debug|Any CPU
		{CD153540-5293-432F-A915-23E582526A5A}.Debug|Any CPU.Build.0 = Debug|Any CPU
		{CD153540-5293-432F-A915-23E582526A5A}.Release|Any CPU.ActiveCfg = Release|Any CPU
		{CD153540-5293-432F-A915-23E582526A5A}.Release|Any CPU.Build.0 = Release|Any CPU
	EndGlobalSection
	GlobalSection(SolutionProperties) = preSolution
		HideSolutionNode = FALSE
	EndGlobalSection
	GlobalSection(ExtensibilityGlobals) = postSolution
		SolutionGuid = {CB69386F-6823-4A78-8DA5-CAE78CBFCE79}
	EndGlobalSection
EndGlobal
